
Microsoft Visual Studio Solution File, Format Version 12.00
# Visual Studio 15
VisualStudioVersion = 15.0.26730.16
MinimumVisualStudioVersion = 10.0.40219.1
Project("{8BC9CEB8-8B4A-11D0-8D11-00A0C91BC942}") = "NetCdfWindFileReader", "NetCdfWindFileReader\NetCdfWindFileReader.vcxproj", "{27E2B5F9-25AF-4DA7-8D94-DD05C65EF42E}"
EndProject
Project("{8BC9CEB8-8B4A-11D0-8D11-00A0C91BC942}") = "NetCdfWindFileLib", "NetCdfWindFileLib\NetCdfWindFileLib.vcxproj", "{0BBC2708-C203-4055-9C24-C5EA9FAC7DF4}"
EndProject
Project("{8BC9CEB8-8B4A-11D0-8D11-00A0C91BC942}") = "NetCdfWindFileLibTests", "NetCdfWindFileLibTests\NetCdfWindFileLibTests.vcxproj", "{E1422C19-0C1E-44E2-9708-CE914A2147BA}"
EndProject
Global
	GlobalSection(SolutionConfigurationPlatforms) = preSolution
		Debug|x64 = Debug|x64
		Debug|x86 = Debug|x86
		Release|x64 = Release|x64
		Release|x86 = Release|x86
	EndGlobalSection
	GlobalSection(ProjectConfigurationPlatforms) = postSolution
		{27E2B5F9-25AF-4DA7-8D94-DD05C65EF42E}.Debug|x64.ActiveCfg = Debug|x64
		{27E2B5F9-25AF-4DA7-8D94-DD05C65EF42E}.Debug|x64.Build.0 = Debug|x64
		{27E2B5F9-25AF-4DA7-8D94-DD05C65EF42E}.Debug|x86.ActiveCfg = Debug|Win32
		{27E2B5F9-25AF-4DA7-8D94-DD05C65EF42E}.Debug|x86.Build.0 = Debug|Win32
		{27E2B5F9-25AF-4DA7-8D94-DD05C65EF42E}.Release|x64.ActiveCfg = Release|x64
		{27E2B5F9-25AF-4DA7-8D94-DD05C65EF42E}.Release|x64.Build.0 = Release|x64
		{27E2B5F9-25AF-4DA7-8D94-DD05C65EF42E}.Release|x86.ActiveCfg = Release|Win32
		{27E2B5F9-25AF-4DA7-8D94-DD05C65EF42E}.Release|x86.Build.0 = Release|Win32
		{0BBC2708-C203-4055-9C24-C5EA9FAC7DF4}.Debug|x64.ActiveCfg = Debug|x64
		{0BBC2708-C203-4055-9C24-C5EA9FAC7DF4}.Debug|x64.Build.0 = Debug|x64
		{0BBC2708-C203-4055-9C24-C5EA9FAC7DF4}.Debug|x86.ActiveCfg = Debug|Win32
		{0BBC2708-C203-4055-9C24-C5EA9FAC7DF4}.Debug|x86.Build.0 = Debug|Win32
		{0BBC2708-C203-4055-9C24-C5EA9FAC7DF4}.Release|x64.ActiveCfg = Release|x64
		{0BBC2708-C203-4055-9C24-C5EA9FAC7DF4}.Release|x64.Build.0 = Release|x64
		{0BBC2708-C203-4055-9C24-C5EA9FAC7DF4}.Release|x86.ActiveCfg = Release|Win32
		{0BBC2708-C203-4055-9C24-C5EA9FAC7DF4}.Release|x86.Build.0 = Release|Win32
		{E1422C19-0C1E-44E2-9708-CE914A2147BA}.Debug|x64.ActiveCfg = Debug|x64
		{E1422C19-0C1E-44E2-9708-CE914A2147BA}.Debug|x64.Build.0 = Debug|x64
		{E1422C19-0C1E-44E2-9708-CE914A2147BA}.Debug|x86.ActiveCfg = Debug|Win32
		{E1422C19-0C1E-44E2-9708-CE914A2147BA}.Debug|x86.Build.0 = Debug|Win32
		{E1422C19-0C1E-44E2-9708-CE914A2147BA}.Release|x64.ActiveCfg = Release|x64
		{E1422C19-0C1E-44E2-9708-CE914A2147BA}.Release|x64.Build.0 = Release|x64
		{E1422C19-0C1E-44E2-9708-CE914A2147BA}.Release|x86.ActiveCfg = Release|Win32
		{E1422C19-0C1E-44E2-9708-CE914A2147BA}.Release|x86.Build.0 = Release|Win32
	EndGlobalSection
	GlobalSection(SolutionProperties) = preSolution
		HideSolutionNode = FALSE
	EndGlobalSection
	GlobalSection(ExtensibilityGlobals) = postSolution
		SolutionGuid = {C5542A95-C88E-435C-9554-8CA590B5E482}
	EndGlobalSection
EndGlobal
